{
  "nodes": {
    "disko": {
      "flake": false,
      "locked": {
        "lastModified": 1695864092,
        "narHash": "sha256-Hu1SkFPqO7ND95AOzBkZE2jGXSYhfZ965C03O72Kbu8=",
        "owner": "nix-community",
        "repo": "disko",
        "rev": "19b62324663b6b9859caf7f335d232cf4f1f6a32",
        "type": "github"
      },
      "original": {
        "owner": "nix-community",
        "repo": "disko",
        "type": "github"
      }
    },
    "flake-utils": {
      "inputs": {
        "systems": "systems"
      },
      "locked": {
        "lastModified": 1694529238,
        "narHash": "sha256-zsNZZGTGnMOf9YpHKJqMSsa0dXbfmxeoJ7xHlrt+xmY=",
        "owner": "numtide",
        "repo": "flake-utils",
        "rev": "ff7b65b44d01cf9ba6a71320833626af21126384",
        "type": "github"
      },
      "original": {
        "owner": "numtide",
        "repo": "flake-utils",
        "type": "github"
      }
    },
    "mobile-nixos": {
      "flake": false,
      "locked": {
        "lastModified": 1696124168,
        "narHash": "sha256-EzGHYAR7rozQQLZEHbKEcb5VpUFGoxwEsM0OWfW4wqU=",
        "owner": "NixOS",
        "repo": "mobile-nixos",
        "rev": "7cee346c3f8e73b25b1cfbf7a086a7652c11e0f3",
        "type": "github"
      },
      "original": {
        "owner": "NixOS",
        "repo": "mobile-nixos",
        "type": "github"
      }
    },
    "nixpkgs": {
      "flake": false,
      "locked": {
        "lastModified": 1696204936,
        "narHash": "sha256-vrAWz9P9WC45EFwtCdZjldGO9DO3JdFXN6Rpkn+2a5Y=",
        "owner": "ExpidusOS",
        "repo": "nixpkgs",
        "rev": "152146f0be1d8fdb606ea617eeadeaf50676b87c",
        "type": "github"
      },
      "original": {
        "owner": "ExpidusOS",
        "repo": "nixpkgs",
        "type": "github"
      }
    },
    "root": {
      "inputs": {
        "disko": "disko",
        "flake-utils": "flake-utils",
        "mobile-nixos": "mobile-nixos",
        "nixpkgs": "nixpkgs"
      }
    },
    "systems": {
      "locked": {
        "lastModified": 1681028828,
        "narHash": "sha256-Vy1rq5AaRuLzOxct8nz4T6wlgyUR7zLU309k9mBC768=",
        "owner": "nix-systems",
        "repo": "default",
        "rev": "da67096a3b9bf56a91d16901293e51ba5b49a27e",
        "type": "github"
      },
      "original": {
        "owner": "nix-systems",
        "repo": "default",
        "type": "github"
      }
    }
  },
  "root": "root",
  "version": 7
}
