{
  "nodes": {
    "disko": {
      "flake": false,
      "locked": {
        "lastModified": 1677721686,
        "narHash": "sha256-Kywcpy69QspTcs4pq9lJlIzSN63vs565CYvkEQbfaRY=",
        "owner": "nix-community",
        "repo": "disko",
        "rev": "efc8dd8083da15433ad226baad110aea4fca634b",
        "type": "github"
      },
      "original": {
        "owner": "nix-community",
        "repo": "disko",
        "type": "github"
      }
    },
    "flake-utils": {
      "locked": {
        "lastModified": 1676283394,
        "narHash": "sha256-XX2f9c3iySLCw54rJ/CZs+ZK6IQy7GXNY4nSOyu2QG4=",
        "owner": "numtide",
        "repo": "flake-utils",
        "rev": "3db36a8b464d0c4532ba1c7dda728f4576d6d073",
        "type": "github"
      },
      "original": {
        "owner": "numtide",
        "repo": "flake-utils",
        "type": "github"
      }
    },
    "home-manager": {
      "flake": false,
      "locked": {
        "lastModified": 1677757546,
        "narHash": "sha256-tA1ukoluctzLVyWRaKtD4KlTwgXbUsGB5vcyni1OJ9I=",
        "owner": "nix-community",
        "repo": "home-manager",
        "rev": "86bb69b0b1e10d99a30c4352f230f03106dd0f8a",
        "type": "github"
      },
      "original": {
        "owner": "nix-community",
        "ref": "release-22.11",
        "repo": "home-manager",
        "type": "github"
      }
    },
    "mobile-nixos": {
      "flake": false,
      "locked": {
        "lastModified": 1677431790,
        "narHash": "sha256-diCr0inBOSQYehHSxYQ2Wb5dYSrLfJYqbH2gJYmSL/c=",
        "owner": "NixOS",
        "repo": "mobile-nixos",
        "rev": "c252e7bd9122704f0e0303c638f8b8412c2521c2",
        "type": "github"
      },
      "original": {
        "owner": "NixOS",
        "repo": "mobile-nixos",
        "type": "github"
      }
    },
    "nixpkgs": {
      "flake": false,
      "locked": {
        "lastModified": 1677795547,
        "narHash": "sha256-cnhrBukL+BQKn14HDfklJ/7KbV0TJlQ8Pm12KyEhSSQ=",
        "owner": "ExpidusOS",
        "repo": "nixpkgs",
        "rev": "e048f2f1e627325e773791756549efb0bbc329a0",
        "type": "github"
      },
      "original": {
        "owner": "ExpidusOS",
        "ref": "nixos-22.11",
        "repo": "nixpkgs",
        "type": "github"
      }
    },
    "root": {
      "inputs": {
        "disko": "disko",
        "flake-utils": "flake-utils",
        "home-manager": "home-manager",
        "mobile-nixos": "mobile-nixos",
        "nixpkgs": "nixpkgs"
      }
    }
  },
  "root": "root",
  "version": 7
}
