{
  "nodes": {
    "disko": {
      "flake": false,
      "locked": {
        "lastModified": 1675933870,
        "narHash": "sha256-1EUgae1rJZX10bb+c7hQruDoSDayFpmEqFhKt9n5ICg=",
        "owner": "nix-community",
        "repo": "disko",
        "rev": "9b78d9668ead8d3c7e09d4bcdb68dc7947eb91e3",
        "type": "github"
      },
      "original": {
        "owner": "nix-community",
        "repo": "disko",
        "type": "github"
      }
    },
    "flake-utils": {
      "locked": {
        "lastModified": 1667395993,
        "narHash": "sha256-nuEHfE/LcWyuSWnS8t12N1wc105Qtau+/OdUAjtQ0rA=",
        "owner": "numtide",
        "repo": "flake-utils",
        "rev": "5aed5285a952e0b949eb3ba02c12fa4fcfef535f",
        "type": "github"
      },
      "original": {
        "owner": "numtide",
        "repo": "flake-utils",
        "type": "github"
      }
    },
    "home-manager": {
      "flake": false,
      "locked": {
        "lastModified": 1674440933,
        "narHash": "sha256-CASRcD/rK3fn5vUCti3jzry7zi0GsqRsBohNq9wPgLs=",
        "owner": "nix-community",
        "repo": "home-manager",
        "rev": "65c47ced082e3353113614f77b1bc18822dc731f",
        "type": "github"
      },
      "original": {
        "owner": "nix-community",
        "ref": "release-22.11",
        "repo": "home-manager",
        "type": "github"
      }
    },
    "mobile-nixos": {
      "flake": false,
      "locked": {
        "lastModified": 1674880620,
        "narHash": "sha256-JMALuC7xcoH/T66sKTVLuItHfOJBCWsNKpE49Qrvs80=",
        "owner": "NixOS",
        "repo": "mobile-nixos",
        "rev": "7478a9ffad737486951186b66f6c5535dc5802e2",
        "type": "github"
      },
      "original": {
        "owner": "NixOS",
        "repo": "mobile-nixos",
        "type": "github"
      }
    },
    "nixpkgs": {
      "flake": false,
      "locked": {
        "lastModified": 1675972032,
        "narHash": "sha256-/xkqqzyTyiRqOnkytSQ3L4GKHAbRgznBAKy18xV2E7g=",
        "owner": "ExpidusOS",
        "repo": "nixpkgs",
        "rev": "7e5efc2d17baa18bdf38f5d61f46f6e8f7ab9ebf",
        "type": "github"
      },
      "original": {
        "owner": "ExpidusOS",
        "ref": "nixos-22.11",
        "repo": "nixpkgs",
        "type": "github"
      }
    },
    "root": {
      "inputs": {
        "disko": "disko",
        "flake-utils": "flake-utils",
        "home-manager": "home-manager",
        "mobile-nixos": "mobile-nixos",
        "nixpkgs": "nixpkgs"
      }
    }
  },
  "root": "root",
  "version": 7
}
